{
  "name": "red-contrib-s5",
  "version": "1.0.0",
  "lockfileVersion": 2,
  "requires": true,
  "packages": {
    "": {
      "name": "red-contrib-s5",
      "version": "1.0.0",
      "license": "ISC",
      "dependencies": {
        "nodes5": "file:../nodes5"
      }
    },
    "../nodes5": {
      "version": "0.0.1",
      "license": "GPL-3.0-or-later",
      "dependencies": {
        "serialport": "^9.0.1"
      },
      "devDependencies": {
        "chai": "^4.2.0",
        "jsdoc": "^3.6.5",
        "mocha": "^8.1.3",
        "nyc": "^15.1.0"
      }
    },
    "node_modules/nodes5": {
      "resolved": "../nodes5",
      "link": true
    }
  },
  "dependencies": {
    "nodes5": {
      "version": "file:../nodes5",
      "requires": {
        "chai": "^4.2.0",
        "jsdoc": "^3.6.5",
        "mocha": "^8.1.3",
        "nyc": "^15.1.0",
        "serialport": "^9.0.1"
      }
    }
  }
}
